
Microsoft Visual Studio Solution File, Format Version 12.00
# Visual Studio 15
VisualStudioVersion = 15.0.28307.1831
MinimumVisualStudioVersion = 10.0.40219.1
Project("{FAE04EC0-301F-11D3-BF4B-00C04F79EFBC}") = "图书馆系统", "图书馆系统\图书馆系统.csproj", "{366D5798-6267-4B89-A808-7FCCCAE4206E}"
EndProject
Global
	GlobalSection(SolutionConfigurationPlatforms) = preSolution
		Debug|Any CPU = Debug|Any CPU
		Release|Any CPU = Release|Any CPU
	EndGlobalSection
	GlobalSection(ProjectConfigurationPlatforms) = postSolution
		{366D5798-6267-4B89-A808-7FCCCAE4206E}.Debug|Any CPU.ActiveCfg = Debug|Any CPU
		{366D5798-6267-4B89-A808-7FCCCAE4206E}.Debug|Any CPU.Build.0 = Debug|Any CPU
		{366D5798-6267-4B89-A808-7FCCCAE4206E}.Release|Any CPU.ActiveCfg = Release|Any CPU
		{366D5798-6267-4B89-A808-7FCCCAE4206E}.Release|Any CPU.Build.0 = Release|Any CPU
	EndGlobalSection
	GlobalSection(SolutionProperties) = preSolution
		HideSolutionNode = FALSE
	EndGlobalSection
	GlobalSection(ExtensibilityGlobals) = postSolution
		SolutionGuid = {BACE8A46-5504-4A36-A74E-8A525F20FCCC}
	EndGlobalSection
EndGlobal
